
Microsoft Visual Studio Solution File, Format Version 12.00
# Visual Studio Version 17
VisualStudioVersion = 17.8.0.0
MinimumVisualStudioVersion = 17.8.0.0
Project("{2150E333-8FDC-42A3-9474-1A3956D46DE8}") = "tests", "tests", "{0AB3BF05-4346-4AA6-1389-037BE0695223}"
EndProject
Project("{FAE04EC0-301F-11D3-BF4B-00C04F79EFBC}") = "Sonar.Test", "tests\Sonar.Test\Sonar.Test.csproj", "{3E578EE2-7C07-44CB-BD09-4A96795E2F69}"
EndProject
Project("{2150E333-8FDC-42A3-9474-1A3956D46DE8}") = "src", "src", "{827E0CD3-B72D-47B6-A68D-7590B98EB39B}"
EndProject
Project("{FAE04EC0-301F-11D3-BF4B-00C04F79EFBC}") = "Sonar.Api", "src\Sonar.Api\Sonar.Api.csproj", "{ACD313D7-F7DF-46B4-BE7C-026805CBC839}"
EndProject
Project("{FAE04EC0-301F-11D3-BF4B-00C04F79EFBC}") = "Sonar.Application", "src\Sonar.Application\Sonar.Application.csproj", "{C21C477F-340A-4F4F-B5B5-322DC69C8E0E}"
EndProject
Project("{FAE04EC0-301F-11D3-BF4B-00C04F79EFBC}") = "Sonar.Domain", "src\Sonar.Domain\Sonar.Domain.csproj", "{B7ED0CD2-E8AD-4A5E-9EF2-42E4FFBC76CF}"
EndProject
Project("{FAE04EC0-301F-11D3-BF4B-00C04F79EFBC}") = "Sonar.Infrastructure", "src\Sonar.Infrastructure\Sonar.Infrastructure.csproj", "{0ACE5C4F-A821-4D22-BBF4-880EE8DCDDAF}"
EndProject
Project("{2150E333-8FDC-42A3-9474-1A3956D46DE8}") = "aspire", "aspire", "{64880D93-BAB4-FF83-898C-B934B68C31A9}"
EndProject
Project("{FAE04EC0-301F-11D3-BF4B-00C04F79EFBC}") = "Sonar.AppHost", "aspire\Sonar.AppHost\Sonar.AppHost.csproj", "{61AF8D5F-CF0F-4218-A514-777C4E69765F}"
EndProject
Project("{FAE04EC0-301F-11D3-BF4B-00C04F79EFBC}") = "Sonar.ServiceDefaults", "aspire\Sonar.ServiceDefaults\Sonar.ServiceDefaults.csproj", "{9E49BD77-D8DC-4841-8F8D-58389DDBB41C}"
EndProject
Global
	GlobalSection(SolutionConfigurationPlatforms) = preSolution
		Debug|Any CPU = Debug|Any CPU
		Debug|x64 = Debug|x64
		Debug|x86 = Debug|x86
		Release|Any CPU = Release|Any CPU
		Release|x64 = Release|x64
		Release|x86 = Release|x86
	EndGlobalSection
	GlobalSection(ProjectConfigurationPlatforms) = postSolution
		{3E578EE2-7C07-44CB-BD09-4A96795E2F69}.Debug|Any CPU.ActiveCfg = Debug|Any CPU
		{3E578EE2-7C07-44CB-BD09-4A96795E2F69}.Debug|Any CPU.Build.0 = Debug|Any CPU
		{3E578EE2-7C07-44CB-BD09-4A96795E2F69}.Debug|x64.ActiveCfg = Debug|Any CPU
		{3E578EE2-7C07-44CB-BD09-4A96795E2F69}.Debug|x64.Build.0 = Debug|Any CPU
		{3E578EE2-7C07-44CB-BD09-4A96795E2F69}.Debug|x86.ActiveCfg = Debug|Any CPU
		{3E578EE2-7C07-44CB-BD09-4A96795E2F69}.Debug|x86.Build.0 = Debug|Any CPU
		{3E578EE2-7C07-44CB-BD09-4A96795E2F69}.Release|Any CPU.ActiveCfg = Release|Any CPU
		{3E578EE2-7C07-44CB-BD09-4A96795E2F69}.Release|Any CPU.Build.0 = Release|Any CPU
		{3E578EE2-7C07-44CB-BD09-4A96795E2F69}.Release|x64.ActiveCfg = Release|Any CPU
		{3E578EE2-7C07-44CB-BD09-4A96795E2F69}.Release|x64.Build.0 = Release|Any CPU
		{3E578EE2-7C07-44CB-BD09-4A96795E2F69}.Release|x86.ActiveCfg = Release|Any CPU
		{3E578EE2-7C07-44CB-BD09-4A96795E2F69}.Release|x86.Build.0 = Release|Any CPU
		{ACD313D7-F7DF-46B4-BE7C-026805CBC839}.Debug|Any CPU.ActiveCfg = Debug|Any CPU
		{ACD313D7-F7DF-46B4-BE7C-026805CBC839}.Debug|Any CPU.Build.0 = Debug|Any CPU
		{ACD313D7-F7DF-46B4-BE7C-026805CBC839}.Debug|x64.ActiveCfg = Debug|Any CPU
		{ACD313D7-F7DF-46B4-BE7C-026805CBC839}.Debug|x64.Build.0 = Debug|Any CPU
		{ACD313D7-F7DF-46B4-BE7C-026805CBC839}.Debug|x86.ActiveCfg = Debug|Any CPU
		{ACD313D7-F7DF-46B4-BE7C-026805CBC839}.Debug|x86.Build.0 = Debug|Any CPU
		{ACD313D7-F7DF-46B4-BE7C-026805CBC839}.Release|Any CPU.ActiveCfg = Release|Any CPU
		{ACD313D7-F7DF-46B4-BE7C-026805CBC839}.Release|Any CPU.Build.0 = Release|Any CPU
		{ACD313D7-F7DF-46B4-BE7C-026805CBC839}.Release|x64.ActiveCfg = Release|Any CPU
		{ACD313D7-F7DF-46B4-BE7C-026805CBC839}.Release|x64.Build.0 = Release|Any CPU
		{ACD313D7-F7DF-46B4-BE7C-026805CBC839}.Release|x86.ActiveCfg = Release|Any CPU
		{ACD313D7-F7DF-46B4-BE7C-026805CBC839}.Release|x86.Build.0 = Release|Any CPU
		{C21C477F-340A-4F4F-B5B5-322DC69C8E0E}.Debug|Any CPU.ActiveCfg = Debug|Any CPU
		{C21C477F-340A-4F4F-B5B5-322DC69C8E0E}.Debug|Any CPU.Build.0 = Debug|Any CPU
		{C21C477F-340A-4F4F-B5B5-322DC69C8E0E}.Debug|x64.ActiveCfg = Debug|Any CPU
		{C21C477F-340A-4F4F-B5B5-322DC69C8E0E}.Debug|x64.Build.0 = Debug|Any CPU
		{C21C477F-340A-4F4F-B5B5-322DC69C8E0E}.Debug|x86.ActiveCfg = Debug|Any CPU
		{C21C477F-340A-4F4F-B5B5-322DC69C8E0E}.Debug|x86.Build.0 = Debug|Any CPU
		{C21C477F-340A-4F4F-B5B5-322DC69C8E0E}.Release|Any CPU.ActiveCfg = Release|Any CPU
		{C21C477F-340A-4F4F-B5B5-322DC69C8E0E}.Release|Any CPU.Build.0 = Release|Any CPU
		{C21C477F-340A-4F4F-B5B5-322DC69C8E0E}.Release|x64.ActiveCfg = Release|Any CPU
		{C21C477F-340A-4F4F-B5B5-322DC69C8E0E}.Release|x64.Build.0 = Release|Any CPU
		{C21C477F-340A-4F4F-B5B5-322DC69C8E0E}.Release|x86.ActiveCfg = Release|Any CPU
		{C21C477F-340A-4F4F-B5B5-322DC69C8E0E}.Release|x86.Build.0 = Release|Any CPU
		{B7ED0CD2-E8AD-4A5E-9EF2-42E4FFBC76CF}.Debug|Any CPU.ActiveCfg = Debug|Any CPU
		{B7ED0CD2-E8AD-4A5E-9EF2-42E4FFBC76CF}.Debug|Any CPU.Build.0 = Debug|Any CPU
		{B7ED0CD2-E8AD-4A5E-9EF2-42E4FFBC76CF}.Debug|x64.ActiveCfg = Debug|Any CPU
		{B7ED0CD2-E8AD-4A5E-9EF2-42E4FFBC76CF}.Debug|x64.Build.0 = Debug|Any CPU
		{B7ED0CD2-E8AD-4A5E-9EF2-42E4FFBC76CF}.Debug|x86.ActiveCfg = Debug|Any CPU
		{B7ED0CD2-E8AD-4A5E-9EF2-42E4FFBC76CF}.Debug|x86.Build.0 = Debug|Any CPU
		{B7ED0CD2-E8AD-4A5E-9EF2-42E4FFBC76CF}.Release|Any CPU.ActiveCfg = Release|Any CPU
		{B7ED0CD2-E8AD-4A5E-9EF2-42E4FFBC76CF}.Release|Any CPU.Build.0 = Release|Any CPU
		{B7ED0CD2-E8AD-4A5E-9EF2-42E4FFBC76CF}.Release|x64.ActiveCfg = Release|Any CPU
		{B7ED0CD2-E8AD-4A5E-9EF2-42E4FFBC76CF}.Release|x64.Build.0 = Release|Any CPU
		{B7ED0CD2-E8AD-4A5E-9EF2-42E4FFBC76CF}.Release|x86.ActiveCfg = Release|Any CPU
		{B7ED0CD2-E8AD-4A5E-9EF2-42E4FFBC76CF}.Release|x86.Build.0 = Release|Any CPU
		{0ACE5C4F-A821-4D22-BBF4-880EE8DCDDAF}.Debug|Any CPU.ActiveCfg = Debug|Any CPU
		{0ACE5C4F-A821-4D22-BBF4-880EE8DCDDAF}.Debug|Any CPU.Build.0 = Debug|Any CPU
		{0ACE5C4F-A821-4D22-BBF4-880EE8DCDDAF}.Debug|x64.ActiveCfg = Debug|Any CPU
		{0ACE5C4F-A821-4D22-BBF4-880EE8DCDDAF}.Debug|x64.Build.0 = Debug|Any CPU
		{0ACE5C4F-A821-4D22-BBF4-880EE8DCDDAF}.Debug|x86.ActiveCfg = Debug|Any CPU
		{0ACE5C4F-A821-4D22-BBF4-880EE8DCDDAF}.Debug|x86.Build.0 = Debug|Any CPU
		{0ACE5C4F-A821-4D22-BBF4-880EE8DCDDAF}.Release|Any CPU.ActiveCfg = Release|Any CPU
		{0ACE5C4F-A821-4D22-BBF4-880EE8DCDDAF}.Release|Any CPU.Build.0 = Release|Any CPU
		{0ACE5C4F-A821-4D22-BBF4-880EE8DCDDAF}.Release|x64.ActiveCfg = Release|Any CPU
		{0ACE5C4F-A821-4D22-BBF4-880EE8DCDDAF}.Release|x64.Build.0 = Release|Any CPU
		{0ACE5C4F-A821-4D22-BBF4-880EE8DCDDAF}.Release|x86.ActiveCfg = Release|Any CPU
		{0ACE5C4F-A821-4D22-BBF4-880EE8DCDDAF}.Release|x86.Build.0 = Release|Any CPU
		{61AF8D5F-CF0F-4218-A514-777C4E69765F}.Debug|Any CPU.ActiveCfg = Debug|Any CPU
		{61AF8D5F-CF0F-4218-A514-777C4E69765F}.Debug|Any CPU.Build.0 = Debug|Any CPU
		{61AF8D5F-CF0F-4218-A514-777C4E69765F}.Debug|x64.ActiveCfg = Debug|Any CPU
		{61AF8D5F-CF0F-4218-A514-777C4E69765F}.Debug|x64.Build.0 = Debug|Any CPU
		{61AF8D5F-CF0F-4218-A514-777C4E69765F}.Debug|x86.ActiveCfg = Debug|Any CPU
		{61AF8D5F-CF0F-4218-A514-777C4E69765F}.Debug|x86.Build.0 = Debug|Any CPU
		{61AF8D5F-CF0F-4218-A514-777C4E69765F}.Release|Any CPU.ActiveCfg = Release|Any CPU
		{61AF8D5F-CF0F-4218-A514-777C4E69765F}.Release|Any CPU.Build.0 = Release|Any CPU
		{61AF8D5F-CF0F-4218-A514-777C4E69765F}.Release|x64.ActiveCfg = Release|Any CPU
		{61AF8D5F-CF0F-4218-A514-777C4E69765F}.Release|x64.Build.0 = Release|Any CPU
		{61AF8D5F-CF0F-4218-A514-777C4E69765F}.Release|x86.ActiveCfg = Release|Any CPU
		{61AF8D5F-CF0F-4218-A514-777C4E69765F}.Release|x86.Build.0 = Release|Any CPU
		{9E49BD77-D8DC-4841-8F8D-58389DDBB41C}.Debug|Any CPU.ActiveCfg = Debug|Any CPU
		{9E49BD77-D8DC-4841-8F8D-58389DDBB41C}.Debug|Any CPU.Build.0 = Debug|Any CPU
		{9E49BD77-D8DC-4841-8F8D-58389DDBB41C}.Debug|x64.ActiveCfg = Debug|Any CPU
		{9E49BD77-D8DC-4841-8F8D-58389DDBB41C}.Debug|x64.Build.0 = Debug|Any CPU
		{9E49BD77-D8DC-4841-8F8D-58389DDBB41C}.Debug|x86.ActiveCfg = Debug|Any CPU
		{9E49BD77-D8DC-4841-8F8D-58389DDBB41C}.Debug|x86.Build.0 = Debug|Any CPU
		{9E49BD77-D8DC-4841-8F8D-58389DDBB41C}.Release|Any CPU.ActiveCfg = Release|Any CPU
		{9E49BD77-D8DC-4841-8F8D-58389DDBB41C}.Release|Any CPU.Build.0 = Release|Any CPU
		{9E49BD77-D8DC-4841-8F8D-58389DDBB41C}.Release|x64.ActiveCfg = Release|Any CPU
		{9E49BD77-D8DC-4841-8F8D-58389DDBB41C}.Release|x64.Build.0 = Release|Any CPU
		{9E49BD77-D8DC-4841-8F8D-58389DDBB41C}.Release|x86.ActiveCfg = Release|Any CPU
		{9E49BD77-D8DC-4841-8F8D-58389DDBB41C}.Release|x86.Build.0 = Release|Any CPU
		{B4B69414-5FB7-4B61-82E1-CDD5D1D9C323}.Debug|Any CPU.ActiveCfg = Debug|Any CPU
		{B4B69414-5FB7-4B61-82E1-CDD5D1D9C323}.Debug|Any CPU.Build.0 = Debug|Any CPU
		{B4B69414-5FB7-4B61-82E1-CDD5D1D9C323}.Debug|x64.ActiveCfg = Debug|Any CPU
		{B4B69414-5FB7-4B61-82E1-CDD5D1D9C323}.Debug|x64.Build.0 = Debug|Any CPU
		{B4B69414-5FB7-4B61-82E1-CDD5D1D9C323}.Debug|x86.ActiveCfg = Debug|Any CPU
		{B4B69414-5FB7-4B61-82E1-CDD5D1D9C323}.Debug|x86.Build.0 = Debug|Any CPU
		{B4B69414-5FB7-4B61-82E1-CDD5D1D9C323}.Release|Any CPU.ActiveCfg = Release|Any CPU
		{B4B69414-5FB7-4B61-82E1-CDD5D1D9C323}.Release|Any CPU.Build.0 = Release|Any CPU
		{B4B69414-5FB7-4B61-82E1-CDD5D1D9C323}.Release|x64.ActiveCfg = Release|Any CPU
		{B4B69414-5FB7-4B61-82E1-CDD5D1D9C323}.Release|x64.Build.0 = Release|Any CPU
		{B4B69414-5FB7-4B61-82E1-CDD5D1D9C323}.Release|x86.ActiveCfg = Release|Any CPU
		{B4B69414-5FB7-4B61-82E1-CDD5D1D9C323}.Release|x86.Build.0 = Release|Any CPU
		{4C0345EF-DC23-438A-94FC-D33D441A91C1}.Debug|Any CPU.ActiveCfg = Debug|Any CPU
		{4C0345EF-DC23-438A-94FC-D33D441A91C1}.Debug|Any CPU.Build.0 = Debug|Any CPU
		{4C0345EF-DC23-438A-94FC-D33D441A91C1}.Debug|x64.ActiveCfg = Debug|Any CPU
		{4C0345EF-DC23-438A-94FC-D33D441A91C1}.Debug|x64.Build.0 = Debug|Any CPU
		{4C0345EF-DC23-438A-94FC-D33D441A91C1}.Debug|x86.ActiveCfg = Debug|Any CPU
		{4C0345EF-DC23-438A-94FC-D33D441A91C1}.Debug|x86.Build.0 = Debug|Any CPU
		{4C0345EF-DC23-438A-94FC-D33D441A91C1}.Release|Any CPU.ActiveCfg = Release|Any CPU
		{4C0345EF-DC23-438A-94FC-D33D441A91C1}.Release|Any CPU.Build.0 = Release|Any CPU
		{4C0345EF-DC23-438A-94FC-D33D441A91C1}.Release|x64.ActiveCfg = Release|Any CPU
		{4C0345EF-DC23-438A-94FC-D33D441A91C1}.Release|x64.Build.0 = Release|Any CPU
		{4C0345EF-DC23-438A-94FC-D33D441A91C1}.Release|x86.ActiveCfg = Release|Any CPU
		{4C0345EF-DC23-438A-94FC-D33D441A91C1}.Release|x86.Build.0 = Release|Any CPU
	EndGlobalSection
	GlobalSection(SolutionProperties) = preSolution
		HideSolutionNode = FALSE
	EndGlobalSection
	GlobalSection(NestedProjects) = preSolution
		{3E578EE2-7C07-44CB-BD09-4A96795E2F69} = {0AB3BF05-4346-4AA6-1389-037BE0695223}
		{ACD313D7-F7DF-46B4-BE7C-026805CBC839} = {827E0CD3-B72D-47B6-A68D-7590B98EB39B}
		{C21C477F-340A-4F4F-B5B5-322DC69C8E0E} = {827E0CD3-B72D-47B6-A68D-7590B98EB39B}
		{B7ED0CD2-E8AD-4A5E-9EF2-42E4FFBC76CF} = {827E0CD3-B72D-47B6-A68D-7590B98EB39B}
		{0ACE5C4F-A821-4D22-BBF4-880EE8DCDDAF} = {827E0CD3-B72D-47B6-A68D-7590B98EB39B}
		{61AF8D5F-CF0F-4218-A514-777C4E69765F} = {64880D93-BAB4-FF83-898C-B934B68C31A9}
		{9E49BD77-D8DC-4841-8F8D-58389DDBB41C} = {64880D93-BAB4-FF83-898C-B934B68C31A9}
	EndGlobalSection
	GlobalSection(ExtensibilityGlobals) = postSolution
		SolutionGuid = {AFC1CFA1-AA3A-4511-B673-7FFB7A1FF755}
	EndGlobalSection
EndGlobal
